
Microsoft Visual Studio Solution File, Format Version 12.00
# Visual Studio 15
VisualStudioVersion = 15.0.26403.3
MinimumVisualStudioVersion = 10.0.40219.1
Project("{9A19103F-16F7-4668-BE54-9A1E7A4F7556}") = "Thesis.Relinq", "Thesis.Relinq\Thesis.Relinq.csproj", "{7350375D-7322-4116-8D3B-689B4BB9360C}"
EndProject
Project("{9A19103F-16F7-4668-BE54-9A1E7A4F7556}") = "Thesis.Relinq.Tests", "Thesis.Relinq.Tests\Thesis.Relinq.Tests.csproj", "{A241CC5B-C5AA-4DB2-B19A-BD34A1C9311C}"
EndProject
Project("{FAE04EC0-301F-11D3-BF4B-00C04F79EFBC}") = "Thesis.Relinq.Benchmarks", "Thesis.Relinq.Benchmarks\Thesis.Relinq.Benchmarks.csproj", "{1B328069-8F52-432E-AF16-70980AF05D30}"
EndProject
Global
	GlobalSection(SolutionConfigurationPlatforms) = preSolution
		Debug|Any CPU = Debug|Any CPU
		Release|Any CPU = Release|Any CPU
	EndGlobalSection
	GlobalSection(ProjectConfigurationPlatforms) = postSolution
		{7350375D-7322-4116-8D3B-689B4BB9360C}.Debug|Any CPU.ActiveCfg = Debug|Any CPU
		{7350375D-7322-4116-8D3B-689B4BB9360C}.Debug|Any CPU.Build.0 = Debug|Any CPU
		{7350375D-7322-4116-8D3B-689B4BB9360C}.Release|Any CPU.ActiveCfg = Release|Any CPU
		{7350375D-7322-4116-8D3B-689B4BB9360C}.Release|Any CPU.Build.0 = Release|Any CPU
		{A241CC5B-C5AA-4DB2-B19A-BD34A1C9311C}.Debug|Any CPU.ActiveCfg = Debug|Any CPU
		{A241CC5B-C5AA-4DB2-B19A-BD34A1C9311C}.Debug|Any CPU.Build.0 = Debug|Any CPU
		{A241CC5B-C5AA-4DB2-B19A-BD34A1C9311C}.Release|Any CPU.ActiveCfg = Release|Any CPU
		{A241CC5B-C5AA-4DB2-B19A-BD34A1C9311C}.Release|Any CPU.Build.0 = Release|Any CPU
		{1B328069-8F52-432E-AF16-70980AF05D30}.Debug|Any CPU.ActiveCfg = Debug|Any CPU
		{1B328069-8F52-432E-AF16-70980AF05D30}.Debug|Any CPU.Build.0 = Debug|Any CPU
		{1B328069-8F52-432E-AF16-70980AF05D30}.Release|Any CPU.ActiveCfg = Release|Any CPU
		{1B328069-8F52-432E-AF16-70980AF05D30}.Release|Any CPU.Build.0 = Release|Any CPU
	EndGlobalSection
	GlobalSection(SolutionProperties) = preSolution
		HideSolutionNode = FALSE
	EndGlobalSection
EndGlobal
